// !$*UTF8*$!
{
	archiveVersion = 1;
	classes = {
	};
	objectVersion = 46;
	objects = {

/* Begin PBXBuildFile section */
		3FA6DB981E5D08DC00D98C39 /* AppDelegate.swift in Sources */ = {isa = PBXBuildFile; fileRef = 3FA6DB971E5D08DC00D98C39 /* AppDelegate.swift */; };
		3FA6DB9A1E5D08DC00D98C39 /* ViewController.swift in Sources */ = {isa = PBXBuildFile; fileRef = 3FA6DB991E5D08DC00D98C39 /* ViewController.swift */; };
		3FA6DB9D1E5D08DC00D98C39 /* Main.storyboard in Resources */ = {isa = PBXBuildFile; fileRef = 3FA6DB9B1E5D08DC00D98C39 /* Main.storyboard */; };
		3FA6DB9F1E5D08DC00D98C39 /* Assets.xcassets in Resources */ = {isa = PBXBuildFile; fileRef = 3FA6DB9E1E5D08DC00D98C39 /* Assets.xcassets */; };
		3FA6DBA21E5D08DC00D98C39 /* LaunchScreen.storyboard in Resources */ = {isa = PBXBuildFile; fileRef = 3FA6DBA01E5D08DC00D98C39 /* LaunchScreen.storyboard */; };
		3FA6DBAA1E5D119200D98C39 /* SListTableViewCell.swift in Sources */ = {isa = PBXBuildFile; fileRef = 3FA6DBA91E5D119200D98C39 /* SListTableViewCell.swift */; };
		3FB3EFF81E5D2AEC0049443D /* GoogleService-Info.plist in Resources */ = {isa = PBXBuildFile; fileRef = 3FB3EFF71E5D2AEC0049443D /* GoogleService-Info.plist */; };
		AC126D45E7D0EAC69E3EE1F6 /* Pods_ShopiWay.framework in Frameworks */ = {isa = PBXBuildFile; fileRef = 43F801F953B409A9443BD5A9 /* Pods_ShopiWay.framework */; };
/* End PBXBuildFile section */

/* Begin PBXFileReference section */
		322F7C0CB00FEC8095F61EBC /* Pods-ShopiWay.debug.xcconfig */ = {isa = PBXFileReference; includeInIndex = 1; lastKnownFileType = text.xcconfig; name = "Pods-ShopiWay.debug.xcconfig"; path = "Pods/Target Support Files/Pods-ShopiWay/Pods-ShopiWay.debug.xcconfig"; sourceTree = "<group>"; };
		3FA6DB941E5D08DC00D98C39 /* ShopiWay.app */ = {isa = PBXFileReference; explicitFileType = wrapper.application; includeInIndex = 0; path = ShopiWay.app; sourceTree = BUILT_PRODUCTS_DIR; };
		3FA6DB971E5D08DC00D98C39 /* AppDelegate.swift */ = {isa = PBXFileReference; lastKnownFileType = sourcecode.swift; path = AppDelegate.swift; sourceTree = "<group>"; };
		3FA6DB991E5D08DC00D98C39 /* ViewController.swift */ = {isa = PBXFileReference; lastKnownFileType = sourcecode.swift; path = ViewController.swift; sourceTree = "<group>"; };
		3FA6DB9C1E5D08DC00D98C39 /* Base */ = {isa = PBXFileReference; lastKnownFileType = file.storyboard; name = Base; path = Base.lproj/Main.storyboard; sourceTree = "<group>"; };
		3FA6DB9E1E5D08DC00D98C39 /* Assets.xcassets */ = {isa = PBXFileReference; lastKnownFileType = folder.assetcatalog; path = Assets.xcassets; sourceTree = "<group>"; };
		3FA6DBA11E5D08DC00D98C39 /* Base */ = {isa = PBXFileReference; lastKnownFileType = file.storyboard; name = Base; path = Base.lproj/LaunchScreen.storyboard; sourceTree = "<group>"; };
		3FA6DBA31E5D08DC00D98C39 /* Info.plist */ = {isa = PBXFileReference; lastKnownFileType = text.plist.xml; path = Info.plist; sourceTree = "<group>"; };
		3FA6DBA91E5D119200D98C39 /* SListTableViewCell.swift */ = {isa = PBXFileReference; fileEncoding = 4; lastKnownFileType = sourcecode.swift; path = SListTableViewCell.swift; sourceTree = "<group>"; };
		3FB3EFF71E5D2AEC0049443D /* GoogleService-Info.plist */ = {isa = PBXFileReference; fileEncoding = 4; lastKnownFileType = text.plist.xml; path = "GoogleService-Info.plist"; sourceTree = "<group>"; };
		43F801F953B409A9443BD5A9 /* Pods_ShopiWay.framework */ = {isa = PBXFileReference; explicitFileType = wrapper.framework; includeInIndex = 0; path = Pods_ShopiWay.framework; sourceTree = BUILT_PRODUCTS_DIR; };
		4CBD2A55AECF59428998F318 /* Pods-ShopiWay.release.xcconfig */ = {isa = PBXFileReference; includeInIndex = 1; lastKnownFileType = text.xcconfig; name = "Pods-ShopiWay.release.xcconfig"; path = "Pods/Target Support Files/Pods-ShopiWay/Pods-ShopiWay.release.xcconfig"; sourceTree = "<group>"; };
/* End PBXFileReference section */

/* Begin PBXFrameworksBuildPhase section */
		3FA6DB911E5D08DC00D98C39 /* Frameworks */ = {
			isa = PBXFrameworksBuildPhase;
			buildActionMask = 2147483647;
			files = (
				AC126D45E7D0EAC69E3EE1F6 /* Pods_ShopiWay.framework in Frameworks */,
			);
			runOnlyForDeploymentPostprocessing = 0;
		};
/* End PBXFrameworksBuildPhase section */

/* Begin PBXGroup section */
		0AF8FF01A9FA4A8118E360A9 /* Frameworks */ = {
			isa = PBXGroup;
			children = (
				43F801F953B409A9443BD5A9 /* Pods_ShopiWay.framework */,
			);
			name = Frameworks;
			sourceTree = "<group>";
		};
		37CC99FEAA3FB0F4AAE7489A /* Pods */ = {
			isa = PBXGroup;
			children = (
				322F7C0CB00FEC8095F61EBC /* Pods-ShopiWay.debug.xcconfig */,
				4CBD2A55AECF59428998F318 /* Pods-ShopiWay.release.xcconfig */,
			);
			name = Pods;
			sourceTree = "<group>";
		};
		3FA6DB8B1E5D08DC00D98C39 = {
			isa = PBXGroup;
			children = (
				3FA6DB961E5D08DC00D98C39 /* ShopiWay */,
				3FA6DB951E5D08DC00D98C39 /* Products */,
				37CC99FEAA3FB0F4AAE7489A /* Pods */,
				0AF8FF01A9FA4A8118E360A9 /* Frameworks */,
			);
			sourceTree = "<group>";
		};
		3FA6DB951E5D08DC00D98C39 /* Products */ = {
			isa = PBXGroup;
			children = (
				3FA6DB941E5D08DC00D98C39 /* ShopiWay.app */,
			);
			name = Products;
			sourceTree = "<group>";
		};
		3FA6DB961E5D08DC00D98C39 /* ShopiWay */ = {
			isa = PBXGroup;
			children = (
				3FA6DB971E5D08DC00D98C39 /* AppDelegate.swift */,
				3FA6DB991E5D08DC00D98C39 /* ViewController.swift */,
				3FA6DBA91E5D119200D98C39 /* SListTableViewCell.swift */,
				3FB3EFF71E5D2AEC0049443D /* GoogleService-Info.plist */,
				3FA6DB9B1E5D08DC00D98C39 /* Main.storyboard */,
				3FA6DB9E1E5D08DC00D98C39 /* Assets.xcassets */,
				3FA6DBA01E5D08DC00D98C39 /* LaunchScreen.storyboard */,
				3FA6DBA31E5D08DC00D98C39 /* Info.plist */,
			);
			path = ShopiWay;
			sourceTree = "<group>";
		};
/* End PBXGroup section */

/* Begin PBXNativeTarget section */
		3FA6DB931E5D08DC00D98C39 /* ShopiWay */ = {
			isa = PBXNativeTarget;
			buildConfigurationList = 3FA6DBA61E5D08DC00D98C39 /* Build configuration list for PBXNativeTarget "ShopiWay" */;
			buildPhases = (
				057D64F47251EE18E7AFACD7 /* [CP] Check Pods Manifest.lock */,
				3FA6DB901E5D08DC00D98C39 /* Sources */,
				3FA6DB911E5D08DC00D98C39 /* Frameworks */,
				3FA6DB921E5D08DC00D98C39 /* Resources */,
				53085A33935D223752161E19 /* [CP] Embed Pods Frameworks */,
				AC6E4BE7A67C03F766FFF05D /* [CP] Copy Pods Resources */,
			);
			buildRules = (
			);
			dependencies = (
			);
			name = ShopiWay;
			productName = ShopiWay;
			productReference = 3FA6DB941E5D08DC00D98C39 /* ShopiWay.app */;
			productType = "com.apple.product-type.application";
		};
/* End PBXNativeTarget section */

/* Begin PBXProject section */
		3FA6DB8C1E5D08DC00D98C39 /* Project object */ = {
			isa = PBXProject;
			attributes = {
				LastSwiftUpdateCheck = 0820;
				LastUpgradeCheck = 0820;
				ORGANIZATIONNAME = proapptive;
				TargetAttributes = {
					3FA6DB931E5D08DC00D98C39 = {
						CreatedOnToolsVersion = 8.2.1;
						DevelopmentTeam = 2BULHRS882;
						ProvisioningStyle = Automatic;
					};
				};
			};
			buildConfigurationList = 3FA6DB8F1E5D08DC00D98C39 /* Build configuration list for PBXProject "ShopiWay" */;
			compatibilityVersion = "Xcode 3.2";
			developmentRegion = English;
			hasScannedForEncodings = 0;
			knownRegions = (
				en,
				Base,
			);
			mainGroup = 3FA6DB8B1E5D08DC00D98C39;
			productRefGroup = 3FA6DB951E5D08DC00D98C39 /* Products */;
			projectDirPath = "";
			projectRoot = "";
			targets = (
				3FA6DB931E5D08DC00D98C39 /* ShopiWay */,
			);
		};
/* End PBXProject section */

/* Begin PBXResourcesBuildPhase section */
		3FA6DB921E5D08DC00D98C39 /* Resources */ = {
			isa = PBXResourcesBuildPhase;
			buildActionMask = 2147483647;
			files = (
				3FA6DBA21E5D08DC00D98C39 /* LaunchScreen.storyboard in Resources */,
				3FB3EFF81E5D2AEC0049443D /* GoogleService-Info.plist in Resources */,
				3FA6DB9F1E5D08DC00D98C39 /* Assets.xcassets in Resources */,
				3FA6DB9D1E5D08DC00D98C39 /* Main.storyboard in Resources */,
			);
			runOnlyForDeploymentPostprocessing = 0;
		};
/* End PBXResourcesBuildPhase section */

/* Begin PBXShellScriptBuildPhase section */
		057D64F47251EE18E7AFACD7 /* [CP] Check Pods Manifest.lock */ = {
			isa = PBXShellScriptBuildPhase;
			buildActionMask = 2147483647;
			files = (
			);
			inputPaths = (
			);
			name = "[CP] Check Pods Manifest.lock";
			outputPaths = (
			);
			runOnlyForDeploymentPostprocessing = 0;
			shellPath = /bin/sh;
			shellScript = "diff \"${PODS_ROOT}/../Podfile.lock\" \"${PODS_ROOT}/Manifest.lock\" > /dev/null\nif [ $? != 0 ] ; then\n    # print error to STDERR\n    echo \"error: The sandbox is not in sync with the Podfile.lock. Run 'pod install' or update your CocoaPods installation.\" >&2\n    exit 1\nfi\n";
			showEnvVarsInLog = 0;
		};
		53085A33935D223752161E19 /* [CP] Embed Pods Frameworks */ = {
			isa = PBXShellScriptBuildPhase;
			buildActionMask = 2147483647;
			files = (
			);
			inputPaths = (
			);
			name = "[CP] Embed Pods Frameworks";
			outputPaths = (
			);
			runOnlyForDeploymentPostprocessing = 0;
			shellPath = /bin/sh;
			shellScript = "\"${SRCROOT}/Pods/Target Support Files/Pods-ShopiWay/Pods-ShopiWay-frameworks.sh\"\n";
			showEnvVarsInLog = 0;
		};
		AC6E4BE7A67C03F766FFF05D /* [CP] Copy Pods Resources */ = {
			isa = PBXShellScriptBuildPhase;
			buildActionMask = 2147483647;
			files = (
			);
			inputPaths = (
			);
			name = "[CP] Copy Pods Resources";
			outputPaths = (
			);
			runOnlyForDeploymentPostprocessing = 0;
			shellPath = /bin/sh;
			shellScript = "\"${SRCROOT}/Pods/Target Support Files/Pods-ShopiWay/Pods-ShopiWay-resources.sh\"\n";
			showEnvVarsInLog = 0;
		};
/* End PBXShellScriptBuildPhase section */

/* Begin PBXSourcesBuildPhase section */
		3FA6DB901E5D08DC00D98C39 /* Sources */ = {
			isa = PBXSourcesBuildPhase;
			buildActionMask = 2147483647;
			files = (
				3FA6DB9A1E5D08DC00D98C39 /* ViewController.swift in Sources */,
				3FA6DBAA1E5D119200D98C39 /* SListTableViewCell.swift in Sources */,
				3FA6DB981E5D08DC00D98C39 /* AppDelegate.swift in Sources */,
			);
			runOnlyForDeploymentPostprocessing = 0;
		};
/* End PBXSourcesBuildPhase section */

/* Begin PBXVariantGroup section */
		3FA6DB9B1E5D08DC00D98C39 /* Main.storyboard */ = {
			isa = PBXVariantGroup;
			children = (
				3FA6DB9C1E5D08DC00D98C39 /* Base */,
			);
			name = Main.storyboard;
			sourceTree = "<group>";
		};
		3FA6DBA01E5D08DC00D98C39 /* LaunchScreen.storyboard */ = {
			isa = PBXVariantGroup;
			children = (
				3FA6DBA11E5D08DC00D98C39 /* Base */,
			);
			name = LaunchScreen.storyboard;
			sourceTree = "<group>";
		};
/* End PBXVariantGroup section */

/* Begin XCBuildConfiguration section */
		3FA6DBA41E5D08DC00D98C39 /* Debug */ = {
			isa = XCBuildConfiguration;
			buildSettings = {
				ALWAYS_SEARCH_USER_PATHS = NO;
				CLANG_ANALYZER_NONNULL = YES;
				CLANG_CXX_LANGUAGE_STANDARD = "gnu++0x";
				CLANG_CXX_LIBRARY = "libc++";
				CLANG_ENABLE_MODULES = YES;
				CLANG_ENABLE_OBJC_ARC = YES;
				CLANG_WARN_BOOL_CONVERSION = YES;
				CLANG_WARN_CONSTANT_CONVERSION = YES;
				CLANG_WARN_DIRECT_OBJC_ISA_USAGE = YES_ERROR;
				CLANG_WARN_DOCUMENTATION_COMMENTS = YES;
				CLANG_WARN_EMPTY_BODY = YES;
				CLANG_WARN_ENUM_CONVERSION = YES;
				CLANG_WARN_INFINITE_RECURSION = YES;
				CLANG_WARN_INT_CONVERSION = YES;
				CLANG_WARN_OBJC_ROOT_CLASS = YES_ERROR;
				CLANG_WARN_SUSPICIOUS_MOVE = YES;
				CLANG_WARN_UNREACHABLE_CODE = YES;
				CLANG_WARN__DUPLICATE_METHOD_MATCH = YES;
				"CODE_SIGN_IDENTITY[sdk=iphoneos*]" = "iPhone Developer";
				COPY_PHASE_STRIP = NO;
				DEBUG_INFORMATION_FORMAT = dwarf;
				ENABLE_STRICT_OBJC_MSGSEND = YES;
				ENABLE_TESTABILITY = YES;
				GCC_C_LANGUAGE_STANDARD = gnu99;
				GCC_DYNAMIC_NO_PIC = NO;
				GCC_NO_COMMON_BLOCKS = YES;
				GCC_OPTIMIZATION_LEVEL = 0;
				GCC_PREPROCESSOR_DEFINITIONS = (
					"DEBUG=1",
					"$(inherited)",
				);
				GCC_WARN_64_TO_32_BIT_CONVERSION = YES;
				GCC_WARN_ABOUT_RETURN_TYPE = YES_ERROR;
				GCC_WARN_UNDECLARED_SELECTOR = YES;
				GCC_WARN_UNINITIALIZED_AUTOS = YES_AGGRESSIVE;
				GCC_WARN_UNUSED_FUNCTION = YES;
				GCC_WARN_UNUSED_VARIABLE = YES;
				IPHONEOS_DEPLOYMENT_TARGET = 10.2;
				MTL_ENABLE_DEBUG_INFO = YES;
				ONLY_ACTIVE_ARCH = YES;
				SDKROOT = iphoneos;
				SWIFT_ACTIVE_COMPILATION_CONDITIONS = DEBUG;
				SWIFT_OPTIMIZATION_LEVEL = "-Onone";
			};
			name = Debug;
		};
		3FA6DBA51E5D08DC00D98C39 /* Release */ = {
			isa = XCBuildConfiguration;
			buildSettings = {
				ALWAYS_SEARCH_USER_PATHS = NO;
				CLANG_ANALYZER_NONNULL = YES;
				CLANG_CXX_LANGUAGE_STANDARD = "gnu++0x";
				CLANG_CXX_LIBRARY = "libc++";
				CLANG_ENABLE_MODULES = YES;
				CLANG_ENABLE_OBJC_ARC = YES;
				CLANG_WARN_BOOL_CONVERSION = YES;
				CLANG_WARN_CONSTANT_CONVERSION = YES;
				CLANG_WARN_DIRECT_OBJC_ISA_USAGE = YES_ERROR;
				CLANG_WARN_DOCUMENTATION_COMMENTS = YES;
				CLANG_WARN_EMPTY_BODY = YES;
				CLANG_WARN_ENUM_CONVERSION = YES;
				CLANG_WARN_INFINITE_RECURSION = YES;
				CLANG_WARN_INT_CONVERSION = YES;
				CLANG_WARN_OBJC_ROOT_CLASS = YES_ERROR;
				CLANG_WARN_SUSPICIOUS_MOVE = YES;
				CLANG_WARN_UNREACHABLE_CODE = YES;
				CLANG_WARN__DUPLICATE_METHOD_MATCH = YES;
				"CODE_SIGN_IDENTITY[sdk=iphoneos*]" = "iPhone Developer";
				COPY_PHASE_STRIP = NO;
				DEBUG_INFORMATION_FORMAT = "dwarf-with-dsym";
				ENABLE_NS_ASSERTIONS = NO;
				ENABLE_STRICT_OBJC_MSGSEND = YES;
				GCC_C_LANGUAGE_STANDARD = gnu99;
				GCC_NO_COMMON_BLOCKS = YES;
				GCC_WARN_64_TO_32_BIT_CONVERSION = YES;
				GCC_WARN_ABOUT_RETURN_TYPE = YES_ERROR;
				GCC_WARN_UNDECLARED_SELECTOR = YES;
				GCC_WARN_UNINITIALIZED_AUTOS = YES_AGGRESSIVE;
				GCC_WARN_UNUSED_FUNCTION = YES;
				GCC_WARN_UNUSED_VARIABLE = YES;
				IPHONEOS_DEPLOYMENT_TARGET = 10.2;
				MTL_ENABLE_DEBUG_INFO = NO;
				SDKROOT = iphoneos;
				SWIFT_OPTIMIZATION_LEVEL = "-Owholemodule";
				VALIDATE_PRODUCT = YES;
			};
			name = Release;
		};
		3FA6DBA71E5D08DC00D98C39 /* Debug */ = {
			isa = XCBuildConfiguration;
			baseConfigurationReference = 322F7C0CB00FEC8095F61EBC /* Pods-ShopiWay.debug.xcconfig */;
			buildSettings = {
				ASSETCATALOG_COMPILER_APPICON_NAME = AppIcon;
				"CODE_SIGN_IDENTITY[sdk=iphoneos*]" = "iPhone Developer";
				DEVELOPMENT_TEAM = 2BULHRS882;
				INFOPLIST_FILE = ShopiWay/Info.plist;
				LD_RUNPATH_SEARCH_PATHS = "$(inherited) @executable_path/Frameworks";
				PRODUCT_BUNDLE_IDENTIFIER = com.proapptive.ShopiWay;
				PRODUCT_NAME = "$(TARGET_NAME)";
				PROVISIONING_PROFILE_SPECIFIER = "";
				SWIFT_VERSION = 3.0;
			};
			name = Debug;
		};
		3FA6DBA81E5D08DC00D98C39 /* Release */ = {
			isa = XCBuildConfiguration;
			baseConfigurationReference = 4CBD2A55AECF59428998F318 /* Pods-ShopiWay.release.xcconfig */;
			buildSettings = {
				ASSETCATALOG_COMPILER_APPICON_NAME = AppIcon;
				"CODE_SIGN_IDENTITY[sdk=iphoneos*]" = "iPhone Developer";
				DEVELOPMENT_TEAM = 2BULHRS882;
				INFOPLIST_FILE = ShopiWay/Info.plist;
				LD_RUNPATH_SEARCH_PATHS = "$(inherited) @executable_path/Frameworks";
				PRODUCT_BUNDLE_IDENTIFIER = com.proapptive.ShopiWay;
				PRODUCT_NAME = "$(TARGET_NAME)";
				PROVISIONING_PROFILE_SPECIFIER = "";
				SWIFT_VERSION = 3.0;
			};
			name = Release;
		};
/* End XCBuildConfiguration section */

/* Begin XCConfigurationList section */
		3FA6DB8F1E5D08DC00D98C39 /* Build configuration list for PBXProject "ShopiWay" */ = {
			isa = XCConfigurationList;
			buildConfigurations = (
				3FA6DBA41E5D08DC00D98C39 /* Debug */,
				3FA6DBA51E5D08DC00D98C39 /* Release */,
			);
			defaultConfigurationIsVisible = 0;
			defaultConfigurationName = Release;
		};
		3FA6DBA61E5D08DC00D98C39 /* Build configuration list for PBXNativeTarget "ShopiWay" */ = {
			isa = XCConfigurationList;
			buildConfigurations = (
				3FA6DBA71E5D08DC00D98C39 /* Debug */,
				3FA6DBA81E5D08DC00D98C39 /* Release */,
			);
			defaultConfigurationIsVisible = 0;
			defaultConfigurationName = Release;
		};
/* End XCConfigurationList section */
	};
	rootObject = 3FA6DB8C1E5D08DC00D98C39 /* Project object */;
}
